
Microsoft Visual Studio Solution File, Format Version 12.00
# Visual Studio Version 16
VisualStudioVersion = 16.0.31105.61
MinimumVisualStudioVersion = 10.0.40219.1
Project("{FAE04EC0-301F-11D3-BF4B-00C04F79EFBC}") = "DB", "DB\DB.csproj", "{D903F547-B97B-4D4B-AB87-CC22E963DFF7}"
EndProject
Project("{FAE04EC0-301F-11D3-BF4B-00C04F79EFBC}") = "App", "App\App.csproj", "{6E9EAFCE-9A49-4BCA-9D1D-4D8EC12491FD}"
EndProject
Global
	GlobalSection(SolutionConfigurationPlatforms) = preSolution
		Debug|Any CPU = Debug|Any CPU
		Release|Any CPU = Release|Any CPU
	EndGlobalSection
	GlobalSection(ProjectConfigurationPlatforms) = postSolution
		{D903F547-B97B-4D4B-AB87-CC22E963DFF7}.Debug|Any CPU.ActiveCfg = Debug|Any CPU
		{D903F547-B97B-4D4B-AB87-CC22E963DFF7}.Debug|Any CPU.Build.0 = Debug|Any CPU
		{D903F547-B97B-4D4B-AB87-CC22E963DFF7}.Release|Any CPU.ActiveCfg = Release|Any CPU
		{D903F547-B97B-4D4B-AB87-CC22E963DFF7}.Release|Any CPU.Build.0 = Release|Any CPU
		{6E9EAFCE-9A49-4BCA-9D1D-4D8EC12491FD}.Debug|Any CPU.ActiveCfg = Debug|Any CPU
		{6E9EAFCE-9A49-4BCA-9D1D-4D8EC12491FD}.Debug|Any CPU.Build.0 = Debug|Any CPU
		{6E9EAFCE-9A49-4BCA-9D1D-4D8EC12491FD}.Release|Any CPU.ActiveCfg = Release|Any CPU
		{6E9EAFCE-9A49-4BCA-9D1D-4D8EC12491FD}.Release|Any CPU.Build.0 = Release|Any CPU
	EndGlobalSection
	GlobalSection(SolutionProperties) = preSolution
		HideSolutionNode = FALSE
	EndGlobalSection
	GlobalSection(ExtensibilityGlobals) = postSolution
		SolutionGuid = {CCD597F0-708C-41BB-82A7-34AFFD172C83}
	EndGlobalSection
EndGlobal
